
Microsoft Visual Studio Solution File, Format Version 12.00
# Visual Studio 15
VisualStudioVersion = 15.0.27004.2005
MinimumVisualStudioVersion = 10.0.40219.1
Project("{9A19103R-16F7-4668-BE54-9A1E7A4F7556}") = "QuantApp.Kernel", "QuantApp.Kernel\QuantApp.Kernel.lnx.csproj", "{5A102363-8BF9-4CDD-9175-F88B66DDFF99}"
EndProject
Project("{9A19103E-16F7-4668-BE54-9A1E7A4F7556}") = "QuantApp.Engine", "QuantApp.Engine\QuantApp.Engine.lnx.fsproj", "{6A102363-8BF9-4CDD-9174-F88B66DDFF99}"
EndProject
Project("{9A19103F-16F7-4668-BE54-9A1E7A4F7556}") = "CoFlows.Server", "CoFlows.Server/CoFlows.Server.quant.lnx.csproj", "{06CFEB5E-6636-4D7B-A232-1EF5537E8E0A}"
EndProject
Project("{9A19103F-16F7-4668-BE54-9A1E7A4F7556}") = "AQI.AQILabs.Derivatives", "AQI.AQILabs.Derivatives/AQI.AQILabs.Derivatives.lnx.csproj", "{16CFEB5E-6636-4D7B-A232-1EF5537E8E0A}"
EndProject
Project("{9A19103F-16F7-4668-BE54-9A1E7A4F7556}") = "AQI.AQILabs.Kernel", "AQI.AQILabs.Kernel/AQI.AQILabs.Kernel.lnx.csproj", "{26CFEB5E-6636-4D7B-A232-1EF5537E8E0A}"
EndProject
Project("{9A19103F-16F7-4668-BE54-9A1E7A4F7556}") = "AQI.AQILabs.SDK.Strategies", "AQI.AQILabs.SDK.Strategies/AQI.AQILabs.SDK.Strategies.lnx.fsproj", "{36CFEB5E-6636-4D7B-A232-1EF5537E8E0A}"
EndProject
Global
	GlobalSection(SolutionConfigurationPlatforms) = preSolution
		Debug|Any CPU = Debug|Any CPU
		Release|Any CPU = Release|Any CPU
	EndGlobalSection
	GlobalSection(ProjectConfigurationPlatforms) = postSolution
		{06CFEB5E-6636-4D7B-A232-1EF5537E8E0A}.Debug|Any CPU.ActiveCfg = Debug|Any CPU
		{06CFEB5E-6636-4D7B-A232-1EF5537E8E0A}.Debug|Any CPU.Build.0 = Debug|Any CPU
		{06CFEB5E-6636-4D7B-A232-1EF5537E8E0A}.Release|Any CPU.ActiveCfg = Release|Any CPU
		{06CFEB5E-6636-4D7B-A232-1EF5537E8E0A}.Release|Any CPU.Build.0 = Release|Any CPU
		{4A102365-8BF9-4CDD-9175-F88B66DDFF99}.Debug|Any CPU.ActiveCfg = Debug|Any CPU
		{4A102365-8BF9-4CDD-9175-F88B66DDFF99}.Debug|Any CPU.Build.0 = Debug|Any CPU
		{4A102365-8BF9-4CDD-9175-F88B66DDFF99}.Release|Any CPU.ActiveCfg = Release|Any CPU
		{4A102365-8BF9-4CDD-9175-F88B66DDFF99}.Release|Any CPU.Build.0 = Release|Any CPU
		{9AEC25BD-0C4F-4487-B1EB-2FE87FD1584F}.Debug|Any CPU.ActiveCfg = Debug|Any CPU
		{9AEC25BD-0C4F-4487-B1EB-2FE87FD1584F}.Debug|Any CPU.Build.0 = Debug|Any CPU
		{9AEC25BD-0C4F-4487-B1EB-2FE87FD1584F}.Release|Any CPU.ActiveCfg = Release|Any CPU
		{9AEC25BD-0C4F-4487-B1EB-2FE87FD1584F}.Release|Any CPU.Build.0 = Release|Any CPU
		{3090BC0F-6E4B-46C0-94EB-A2AD069AFD9D}.Debug|Any CPU.ActiveCfg = Debug|Any CPU
		{3090BC0F-6E4B-46C0-94EB-A2AD069AFD9D}.Debug|Any CPU.Build.0 = Debug|Any CPU
		{3090BC0F-6E4B-46C0-94EB-A2AD069AFD9D}.Release|Any CPU.ActiveCfg = Release|Any CPU
		{3090BC0F-6E4B-46C0-94EB-A2AD069AFD9D}.Release|Any CPU.Build.0 = Release|Any CPU
		{AFCEB520-B82C-4705-8C63-3B58AE22DB1C}.Debug|Any CPU.ActiveCfg = Debug|Any CPU
		{AFCEB520-B82C-4705-8C63-3B58AE22DB1C}.Debug|Any CPU.Build.0 = Debug|Any CPU
		{AFCEB520-B82C-4705-8C63-3B58AE22DB1C}.Release|Any CPU.ActiveCfg = Release|Any CPU
		{AFCEB520-B82C-4705-8C63-3B58AE22DB1C}.Release|Any CPU.Build.0 = Release|Any CPU
		{78EE8011-3D21-4174-866C-A4B668908262}.Debug|Any CPU.ActiveCfg = Debug|Any CPU
		{78EE8011-3D21-4174-866C-A4B668908262}.Debug|Any CPU.Build.0 = Debug|Any CPU
		{78EE8011-3D21-4174-866C-A4B668908262}.Release|Any CPU.ActiveCfg = Release|Any CPU
		{78EE8011-3D21-4174-866C-A4B668908262}.Release|Any CPU.Build.0 = Release|Any CPU
		{EC828D13-C9AD-4FC5-A61D-5E015224356A}.Debug|Any CPU.ActiveCfg = Debug|Any CPU
		{EC828D13-C9AD-4FC5-A61D-5E015224356A}.Debug|Any CPU.Build.0 = Debug|Any CPU
		{EC828D13-C9AD-4FC5-A61D-5E015224356A}.Release|Any CPU.ActiveCfg = Release|Any CPU
		{EC828D13-C9AD-4FC5-A61D-5E015224356A}.Release|Any CPU.Build.0 = Release|Any CPU
		{C4FDC0A2-03C0-491B-9087-ABE1E7540652}.Debug|Any CPU.ActiveCfg = Debug|Any CPU
		{C4FDC0A2-03C0-491B-9087-ABE1E7540652}.Debug|Any CPU.Build.0 = Debug|Any CPU
		{C4FDC0A2-03C0-491B-9087-ABE1E7540652}.Release|Any CPU.ActiveCfg = Release|Any CPU
		{C4FDC0A2-03C0-491B-9087-ABE1E7540652}.Release|Any CPU.Build.0 = Release|Any CPU
		{D25F9CF4-0EC8-4678-93F0-7A0121D13A89}.Debug|Any CPU.ActiveCfg = Debug|Any CPU
		{D25F9CF4-0EC8-4678-93F0-7A0121D13A89}.Debug|Any CPU.Build.0 = Debug|Any CPU
		{D25F9CF4-0EC8-4678-93F0-7A0121D13A89}.Release|Any CPU.ActiveCfg = Release|Any CPU
		{D25F9CF4-0EC8-4678-93F0-7A0121D13A89}.Release|Any CPU.Build.0 = Release|Any CPU
		{B81ECB62-41EE-44BF-8B94-4099F3ECD0B3}.Debug|Any CPU.ActiveCfg = Debug|Any CPU
		{B81ECB62-41EE-44BF-8B94-4099F3ECD0B3}.Debug|Any CPU.Build.0 = Debug|Any CPU
		{B81ECB62-41EE-44BF-8B94-4099F3ECD0B3}.Release|Any CPU.ActiveCfg = Release|Any CPU
		{B81ECB62-41EE-44BF-8B94-4099F3ECD0B3}.Release|Any CPU.Build.0 = Release|Any CPU
		{DDD59EA9-A818-490D-B6EF-4FC0C940BBB1}.Debug|Any CPU.ActiveCfg = Debug|Any CPU
		{DDD59EA9-A818-490D-B6EF-4FC0C940BBB1}.Debug|Any CPU.Build.0 = Debug|Any CPU
		{DDD59EA9-A818-490D-B6EF-4FC0C940BBB1}.Release|Any CPU.ActiveCfg = Release|Any CPU
		{DDD59EA9-A818-490D-B6EF-4FC0C940BBB1}.Release|Any CPU.Build.0 = Release|Any CPU
	EndGlobalSection
	GlobalSection(SolutionProperties) = preSolution
		HideSolutionNode = FALSE
	EndGlobalSection
	GlobalSection(ExtensibilityGlobals) = postSolution
		SolutionGuid = {6A34BD04-68FA-48B2-A594-77FD9ED9BE39}
	EndGlobalSection
EndGlobal
